
Microsoft Visual Studio Solution File, Format Version 12.00
# Visual Studio Version 17
VisualStudioVersion = 17.4.33213.308
MinimumVisualStudioVersion = 10.0.40219.1
Project("{FAE04EC0-301F-11D3-BF4B-00C04F79EFBC}") = "Netsuite API Integration", "Netsuite API Integration\Netsuite API Integration.csproj", "{FDB36104-9224-4F9B-945A-B2606685288A}"
EndProject
Global
	GlobalSection(SolutionConfigurationPlatforms) = preSolution
		Debug|Any CPU = Debug|Any CPU
		Release|Any CPU = Release|Any CPU
	EndGlobalSection
	GlobalSection(ProjectConfigurationPlatforms) = postSolution
		{FDB36104-9224-4F9B-945A-B2606685288A}.Debug|Any CPU.ActiveCfg = Debug|Any CPU
		{FDB36104-9224-4F9B-945A-B2606685288A}.Debug|Any CPU.Build.0 = Debug|Any CPU
		{FDB36104-9224-4F9B-945A-B2606685288A}.Release|Any CPU.ActiveCfg = Release|Any CPU
		{FDB36104-9224-4F9B-945A-B2606685288A}.Release|Any CPU.Build.0 = Release|Any CPU
	EndGlobalSection
	GlobalSection(SolutionProperties) = preSolution
		HideSolutionNode = FALSE
	EndGlobalSection
	GlobalSection(ExtensibilityGlobals) = postSolution
		SolutionGuid = {B2890E5D-69B8-4E84-8856-8E9A59A93F2B}
	EndGlobalSection
EndGlobal
